
Microsoft Visual Studio Solution File, Format Version 12.00
# Visual Studio 14
VisualStudioVersion = 14.0.24720.0
MinimumVisualStudioVersion = 10.0.40219.1
Project("{FAE04EC0-301F-11D3-BF4B-00C04F79EFBC}") = "LittleGame", "LittleGame\LittleGame.csproj", "{1F6EC2D1-7298-45C0-8BAB-7ACF1FB89801}"
EndProject
Project("{FAE04EC0-301F-11D3-BF4B-00C04F79EFBC}") = "LittleGameTest", "LittleGameTest\LittleGameTest.csproj", "{DF979AE2-A715-4FE6-9F45-A66CE3D666AE}"
EndProject
Global
	GlobalSection(SolutionConfigurationPlatforms) = preSolution
		Debug|Any CPU = Debug|Any CPU
		Release|Any CPU = Release|Any CPU
	EndGlobalSection
	GlobalSection(ProjectConfigurationPlatforms) = postSolution
		{1F6EC2D1-7298-45C0-8BAB-7ACF1FB89801}.Debug|Any CPU.ActiveCfg = Debug|Any CPU
		{1F6EC2D1-7298-45C0-8BAB-7ACF1FB89801}.Debug|Any CPU.Build.0 = Debug|Any CPU
		{1F6EC2D1-7298-45C0-8BAB-7ACF1FB89801}.Release|Any CPU.ActiveCfg = Release|Any CPU
		{1F6EC2D1-7298-45C0-8BAB-7ACF1FB89801}.Release|Any CPU.Build.0 = Release|Any CPU
		{DF979AE2-A715-4FE6-9F45-A66CE3D666AE}.Debug|Any CPU.ActiveCfg = Debug|Any CPU
		{DF979AE2-A715-4FE6-9F45-A66CE3D666AE}.Debug|Any CPU.Build.0 = Debug|Any CPU
		{DF979AE2-A715-4FE6-9F45-A66CE3D666AE}.Release|Any CPU.ActiveCfg = Release|Any CPU
		{DF979AE2-A715-4FE6-9F45-A66CE3D666AE}.Release|Any CPU.Build.0 = Release|Any CPU
	EndGlobalSection
	GlobalSection(SolutionProperties) = preSolution
		HideSolutionNode = FALSE
	EndGlobalSection
EndGlobal
